// !$*UTF8*$!
{
	archiveVersion = 1;
	classes = {
	};
	objectVersion = 46;
	objects = {

/* Begin PBXBuildFile section */
		1D1F78D91BE8BAF9004E9EB0 /* AudioToolbox.framework in Frameworks */ = {isa = PBXBuildFile; fileRef = 1D1F78D81BE8BAF9004E9EB0 /* AudioToolbox.framework */; };
		1D1F78DB1BE8BAFF004E9EB0 /* CFNetwork.framework in Frameworks */ = {isa = PBXBuildFile; fileRef = 1D1F78DA1BE8BAFF004E9EB0 /* CFNetwork.framework */; };
		1D1F78DD1BE8BB06004E9EB0 /* CoreGraphics.framework in Frameworks */ = {isa = PBXBuildFile; fileRef = 1D1F78DC1BE8BB06004E9EB0 /* CoreGraphics.framework */; };
		1D1F78DF1BE8BB12004E9EB0 /* QuartzCore.framework in Frameworks */ = {isa = PBXBuildFile; fileRef = 1D1F78DE1BE8BB12004E9EB0 /* QuartzCore.framework */; };
		1D1F78E11BE8BB1A004E9EB0 /* Security.framework in Frameworks */ = {isa = PBXBuildFile; fileRef = 1D1F78E01BE8BB1A004E9EB0 /* Security.framework */; };
		1D1F78E31BE8BB20004E9EB0 /* StoreKit.framework in Frameworks */ = {isa = PBXBuildFile; fileRef = 1D1F78E21BE8BB20004E9EB0 /* StoreKit.framework */; };
		1D1F78E51BE8BB29004E9EB0 /* SystemConfiguration.framework in Frameworks */ = {isa = PBXBuildFile; fileRef = 1D1F78E41BE8BB29004E9EB0 /* SystemConfiguration.framework */; };
		1D1F78E71BE8BB36004E9EB0 /* libz.tbd in Frameworks */ = {isa = PBXBuildFile; fileRef = 1D1F78E61BE8BB36004E9EB0 /* libz.tbd */; };
		1D1F78E91BE8BB46004E9EB0 /* libsqlite3.tbd in Frameworks */ = {isa = PBXBuildFile; fileRef = 1D1F78E81BE8BB46004E9EB0 /* libsqlite3.tbd */; };
		1D1F78EB1BE8BB51004E9EB0 /* Accounts.framework in Frameworks */ = {isa = PBXBuildFile; fileRef = 1D1F78EA1BE8BB51004E9EB0 /* Accounts.framework */; };
		1D1F78ED1BE8BB58004E9EB0 /* Social.framework in Frameworks */ = {isa = PBXBuildFile; fileRef = 1D1F78EC1BE8BB58004E9EB0 /* Social.framework */; };
		1D1F79121BE8C1C9004E9EB0 /* Bolts.framework in Frameworks */ = {isa = PBXBuildFile; fileRef = 1D1F790B1BE8C1C9004E9EB0 /* Bolts.framework */; };
		1D1F79131BE8C1C9004E9EB0 /* Parse.framework in Frameworks */ = {isa = PBXBuildFile; fileRef = 1D1F790C1BE8C1C9004E9EB0 /* Parse.framework */; };
		1D1F79141BE8C1C9004E9EB0 /* ParseCrashReporting.framework in Frameworks */ = {isa = PBXBuildFile; fileRef = 1D1F790D1BE8C1C9004E9EB0 /* ParseCrashReporting.framework */; };
		1D1F79151BE8C1C9004E9EB0 /* ParseFacebookUtils.framework in Frameworks */ = {isa = PBXBuildFile; fileRef = 1D1F790E1BE8C1C9004E9EB0 /* ParseFacebookUtils.framework */; };
		1D1F79161BE8C1C9004E9EB0 /* ParseFacebookUtilsV4.framework in Frameworks */ = {isa = PBXBuildFile; fileRef = 1D1F790F1BE8C1C9004E9EB0 /* ParseFacebookUtilsV4.framework */; };
		1D1F79171BE8C1C9004E9EB0 /* ParseTwitterUtils.framework in Frameworks */ = {isa = PBXBuildFile; fileRef = 1D1F79101BE8C1C9004E9EB0 /* ParseTwitterUtils.framework */; };
		1D1F79181BE8C1C9004E9EB0 /* ParseUI.framework in Frameworks */ = {isa = PBXBuildFile; fileRef = 1D1F79111BE8C1C9004E9EB0 /* ParseUI.framework */; };
		1D1F791A1BE8D21B004E9EB0 /* ListViewController.xib in Resources */ = {isa = PBXBuildFile; fileRef = 1D1F79191BE8D21B004E9EB0 /* ListViewController.xib */; };
		1D1F791D1BE90812004E9EB0 /* #Lekker_groot.pdf in Resources */ = {isa = PBXBuildFile; fileRef = 1D1F791B1BE90812004E9EB0 /* #Lekker_groot.pdf */; };
		1D1F791E1BE90812004E9EB0 /* #Lekker_klein.png in Resources */ = {isa = PBXBuildFile; fileRef = 1D1F791C1BE90812004E9EB0 /* #Lekker_klein.png */; };
		1D1F79201BE90959004E9EB0 /* #Lekker_klein_NoWhiteBorder.png in Resources */ = {isa = PBXBuildFile; fileRef = 1D1F791F1BE90959004E9EB0 /* #Lekker_klein_NoWhiteBorder.png */; };
		1DA869721BEA4C190030D27F /* MobileCoreServices.framework in Frameworks */ = {isa = PBXBuildFile; fileRef = 1DA869711BEA4C190030D27F /* MobileCoreServices.framework */; };
		1DA869761BEA5D3C0030D27F /* LekkerCell.m in Sources */ = {isa = PBXBuildFile; fileRef = 1DA869741BEA5D3C0030D27F /* LekkerCell.m */; };
		1DA869771BEA5D3C0030D27F /* LekkerCell.xib in Resources */ = {isa = PBXBuildFile; fileRef = 1DA869751BEA5D3C0030D27F /* LekkerCell.xib */; };
		1DD8D15D1BE7736A00E6607D /* main.m in Sources */ = {isa = PBXBuildFile; fileRef = 1DD8D15C1BE7736A00E6607D /* main.m */; };
		1DD8D1601BE7736A00E6607D /* AppDelegate.m in Sources */ = {isa = PBXBuildFile; fileRef = 1DD8D15F1BE7736A00E6607D /* AppDelegate.m */; };
		1DD8D1621BE7736A00E6607D /* Assets.xcassets in Resources */ = {isa = PBXBuildFile; fileRef = 1DD8D1611BE7736A00E6607D /* Assets.xcassets */; };
		1DD8D1651BE7736A00E6607D /* LaunchScreen.storyboard in Resources */ = {isa = PBXBuildFile; fileRef = 1DD8D1631BE7736A00E6607D /* LaunchScreen.storyboard */; };
		1DD8D16F1BE786EB00E6607D /* MapViewController.m in Sources */ = {isa = PBXBuildFile; fileRef = 1DD8D16D1BE786EB00E6607D /* MapViewController.m */; };
		1DD8D1701BE786EB00E6607D /* MapViewController.xib in Resources */ = {isa = PBXBuildFile; fileRef = 1DD8D16E1BE786EB00E6607D /* MapViewController.xib */; };
		1DD8D1721BE7951700E6607D /* MapKit.framework in Frameworks */ = {isa = PBXBuildFile; fileRef = 1DD8D1711BE7951700E6607D /* MapKit.framework */; };
		1DD8D1761BE7A9B300E6607D /* CoreLocation.framework in Frameworks */ = {isa = PBXBuildFile; fileRef = 1DD8D1751BE7A9B300E6607D /* CoreLocation.framework */; };
		1DD8D17F1BE7BFCF00E6607D /* ListViewController.m in Sources */ = {isa = PBXBuildFile; fileRef = 1DD8D17D1BE7BFCF00E6607D /* ListViewController.m */; };
		F227D8C31BEB49E600F18ECD /* AddLekkerViewController.m in Sources */ = {isa = PBXBuildFile; fileRef = F227D8C11BEB49E600F18ECD /* AddLekkerViewController.m */; };
		F227D8C41BEB49E600F18ECD /* AddLekkerViewController.xib in Resources */ = {isa = PBXBuildFile; fileRef = F227D8C21BEB49E600F18ECD /* AddLekkerViewController.xib */; };
		F23585E51BE79A490001EA39 /* WelcomeViewController.m in Sources */ = {isa = PBXBuildFile; fileRef = F23585E31BE79A490001EA39 /* WelcomeViewController.m */; };
		F23585E61BE79A490001EA39 /* WelcomeViewController.xib in Resources */ = {isa = PBXBuildFile; fileRef = F23585E41BE79A490001EA39 /* WelcomeViewController.xib */; };
		F23585E81BE7B24B0001EA39 /* logo_lekker.png in Resources */ = {isa = PBXBuildFile; fileRef = F23585E71BE7B24B0001EA39 /* logo_lekker.png */; };
/* End PBXBuildFile section */

/* Begin PBXFileReference section */
		1D1F78D81BE8BAF9004E9EB0 /* AudioToolbox.framework */ = {isa = PBXFileReference; lastKnownFileType = wrapper.framework; name = AudioToolbox.framework; path = System/Library/Frameworks/AudioToolbox.framework; sourceTree = SDKROOT; };
		1D1F78DA1BE8BAFF004E9EB0 /* CFNetwork.framework */ = {isa = PBXFileReference; lastKnownFileType = wrapper.framework; name = CFNetwork.framework; path = System/Library/Frameworks/CFNetwork.framework; sourceTree = SDKROOT; };
		1D1F78DC1BE8BB06004E9EB0 /* CoreGraphics.framework */ = {isa = PBXFileReference; lastKnownFileType = wrapper.framework; name = CoreGraphics.framework; path = System/Library/Frameworks/CoreGraphics.framework; sourceTree = SDKROOT; };
		1D1F78DE1BE8BB12004E9EB0 /* QuartzCore.framework */ = {isa = PBXFileReference; lastKnownFileType = wrapper.framework; name = QuartzCore.framework; path = System/Library/Frameworks/QuartzCore.framework; sourceTree = SDKROOT; };
		1D1F78E01BE8BB1A004E9EB0 /* Security.framework */ = {isa = PBXFileReference; lastKnownFileType = wrapper.framework; name = Security.framework; path = System/Library/Frameworks/Security.framework; sourceTree = SDKROOT; };
		1D1F78E21BE8BB20004E9EB0 /* StoreKit.framework */ = {isa = PBXFileReference; lastKnownFileType = wrapper.framework; name = StoreKit.framework; path = System/Library/Frameworks/StoreKit.framework; sourceTree = SDKROOT; };
		1D1F78E41BE8BB29004E9EB0 /* SystemConfiguration.framework */ = {isa = PBXFileReference; lastKnownFileType = wrapper.framework; name = SystemConfiguration.framework; path = System/Library/Frameworks/SystemConfiguration.framework; sourceTree = SDKROOT; };
		1D1F78E61BE8BB36004E9EB0 /* libz.tbd */ = {isa = PBXFileReference; lastKnownFileType = "sourcecode.text-based-dylib-definition"; name = libz.tbd; path = usr/lib/libz.tbd; sourceTree = SDKROOT; };
		1D1F78E81BE8BB46004E9EB0 /* libsqlite3.tbd */ = {isa = PBXFileReference; lastKnownFileType = "sourcecode.text-based-dylib-definition"; name = libsqlite3.tbd; path = usr/lib/libsqlite3.tbd; sourceTree = SDKROOT; };
		1D1F78EA1BE8BB51004E9EB0 /* Accounts.framework */ = {isa = PBXFileReference; lastKnownFileType = wrapper.framework; name = Accounts.framework; path = System/Library/Frameworks/Accounts.framework; sourceTree = SDKROOT; };
		1D1F78EC1BE8BB58004E9EB0 /* Social.framework */ = {isa = PBXFileReference; lastKnownFileType = wrapper.framework; name = Social.framework; path = System/Library/Frameworks/Social.framework; sourceTree = SDKROOT; };
		1D1F790B1BE8C1C9004E9EB0 /* Bolts.framework */ = {isa = PBXFileReference; lastKnownFileType = wrapper.framework; path = Bolts.framework; sourceTree = "<group>"; };
		1D1F790C1BE8C1C9004E9EB0 /* Parse.framework */ = {isa = PBXFileReference; lastKnownFileType = wrapper.framework; path = Parse.framework; sourceTree = "<group>"; };
		1D1F790D1BE8C1C9004E9EB0 /* ParseCrashReporting.framework */ = {isa = PBXFileReference; lastKnownFileType = wrapper.framework; path = ParseCrashReporting.framework; sourceTree = "<group>"; };
		1D1F790E1BE8C1C9004E9EB0 /* ParseFacebookUtils.framework */ = {isa = PBXFileReference; lastKnownFileType = wrapper.framework; path = ParseFacebookUtils.framework; sourceTree = "<group>"; };
		1D1F790F1BE8C1C9004E9EB0 /* ParseFacebookUtilsV4.framework */ = {isa = PBXFileReference; lastKnownFileType = wrapper.framework; path = ParseFacebookUtilsV4.framework; sourceTree = "<group>"; };
		1D1F79101BE8C1C9004E9EB0 /* ParseTwitterUtils.framework */ = {isa = PBXFileReference; lastKnownFileType = wrapper.framework; path = ParseTwitterUtils.framework; sourceTree = "<group>"; };
		1D1F79111BE8C1C9004E9EB0 /* ParseUI.framework */ = {isa = PBXFileReference; lastKnownFileType = wrapper.framework; path = ParseUI.framework; sourceTree = "<group>"; };
		1D1F79191BE8D21B004E9EB0 /* ListViewController.xib */ = {isa = PBXFileReference; fileEncoding = 4; lastKnownFileType = file.xib; path = ListViewController.xib; sourceTree = "<group>"; };
		1D1F791B1BE90812004E9EB0 /* #Lekker_groot.pdf */ = {isa = PBXFileReference; lastKnownFileType = image.pdf; path = "#Lekker_groot.pdf"; sourceTree = "<group>"; };
		1D1F791C1BE90812004E9EB0 /* #Lekker_klein.png */ = {isa = PBXFileReference; lastKnownFileType = image.png; path = "#Lekker_klein.png"; sourceTree = "<group>"; };
		1D1F791F1BE90959004E9EB0 /* #Lekker_klein_NoWhiteBorder.png */ = {isa = PBXFileReference; lastKnownFileType = image.png; path = "#Lekker_klein_NoWhiteBorder.png"; sourceTree = "<group>"; };
		1DA869711BEA4C190030D27F /* MobileCoreServices.framework */ = {isa = PBXFileReference; lastKnownFileType = wrapper.framework; name = MobileCoreServices.framework; path = System/Library/Frameworks/MobileCoreServices.framework; sourceTree = SDKROOT; };
		1DA869731BEA5D3C0030D27F /* LekkerCell.h */ = {isa = PBXFileReference; fileEncoding = 4; lastKnownFileType = sourcecode.c.h; path = LekkerCell.h; sourceTree = "<group>"; };
		1DA869741BEA5D3C0030D27F /* LekkerCell.m */ = {isa = PBXFileReference; fileEncoding = 4; lastKnownFileType = sourcecode.c.objc; path = LekkerCell.m; sourceTree = "<group>"; };
		1DA869751BEA5D3C0030D27F /* LekkerCell.xib */ = {isa = PBXFileReference; fileEncoding = 4; lastKnownFileType = file.xib; path = LekkerCell.xib; sourceTree = "<group>"; };
		1DD8D1581BE7736A00E6607D /* Lekker.app */ = {isa = PBXFileReference; explicitFileType = wrapper.application; includeInIndex = 0; path = Lekker.app; sourceTree = BUILT_PRODUCTS_DIR; };
		1DD8D15C1BE7736A00E6607D /* main.m */ = {isa = PBXFileReference; lastKnownFileType = sourcecode.c.objc; path = main.m; sourceTree = "<group>"; };
		1DD8D15E1BE7736A00E6607D /* AppDelegate.h */ = {isa = PBXFileReference; lastKnownFileType = sourcecode.c.h; path = AppDelegate.h; sourceTree = "<group>"; };
		1DD8D15F1BE7736A00E6607D /* AppDelegate.m */ = {isa = PBXFileReference; lastKnownFileType = sourcecode.c.objc; path = AppDelegate.m; sourceTree = "<group>"; };
		1DD8D1611BE7736A00E6607D /* Assets.xcassets */ = {isa = PBXFileReference; lastKnownFileType = folder.assetcatalog; path = Assets.xcassets; sourceTree = "<group>"; };
		1DD8D1641BE7736A00E6607D /* Base */ = {isa = PBXFileReference; lastKnownFileType = file.storyboard; name = Base; path = Base.lproj/LaunchScreen.storyboard; sourceTree = "<group>"; };
		1DD8D1661BE7736A00E6607D /* Info.plist */ = {isa = PBXFileReference; lastKnownFileType = text.plist.xml; path = Info.plist; sourceTree = "<group>"; };
		1DD8D16C1BE786EB00E6607D /* MapViewController.h */ = {isa = PBXFileReference; fileEncoding = 4; lastKnownFileType = sourcecode.c.h; path = MapViewController.h; sourceTree = "<group>"; };
		1DD8D16D1BE786EB00E6607D /* MapViewController.m */ = {isa = PBXFileReference; fileEncoding = 4; lastKnownFileType = sourcecode.c.objc; path = MapViewController.m; sourceTree = "<group>"; };
		1DD8D16E1BE786EB00E6607D /* MapViewController.xib */ = {isa = PBXFileReference; fileEncoding = 4; lastKnownFileType = file.xib; path = MapViewController.xib; sourceTree = "<group>"; };
		1DD8D1711BE7951700E6607D /* MapKit.framework */ = {isa = PBXFileReference; lastKnownFileType = wrapper.framework; name = MapKit.framework; path = System/Library/Frameworks/MapKit.framework; sourceTree = SDKROOT; };
		1DD8D1751BE7A9B300E6607D /* CoreLocation.framework */ = {isa = PBXFileReference; lastKnownFileType = wrapper.framework; name = CoreLocation.framework; path = System/Library/Frameworks/CoreLocation.framework; sourceTree = SDKROOT; };
		1DD8D17C1BE7BFCF00E6607D /* ListViewController.h */ = {isa = PBXFileReference; fileEncoding = 4; lastKnownFileType = sourcecode.c.h; path = ListViewController.h; sourceTree = "<group>"; };
		1DD8D17D1BE7BFCF00E6607D /* ListViewController.m */ = {isa = PBXFileReference; fileEncoding = 4; lastKnownFileType = sourcecode.c.objc; path = ListViewController.m; sourceTree = "<group>"; };
		F227D8C01BEB49E600F18ECD /* AddLekkerViewController.h */ = {isa = PBXFileReference; fileEncoding = 4; lastKnownFileType = sourcecode.c.h; name = AddLekkerViewController.h; path = ../AddLekkerViewController.h; sourceTree = "<group>"; };
		F227D8C11BEB49E600F18ECD /* AddLekkerViewController.m */ = {isa = PBXFileReference; fileEncoding = 4; lastKnownFileType = sourcecode.c.objc; name = AddLekkerViewController.m; path = ../AddLekkerViewController.m; sourceTree = "<group>"; };
		F227D8C21BEB49E600F18ECD /* AddLekkerViewController.xib */ = {isa = PBXFileReference; fileEncoding = 4; lastKnownFileType = file.xib; name = AddLekkerViewController.xib; path = ../AddLekkerViewController.xib; sourceTree = "<group>"; };
		F23585E21BE79A490001EA39 /* WelcomeViewController.h */ = {isa = PBXFileReference; fileEncoding = 4; lastKnownFileType = sourcecode.c.h; path = WelcomeViewController.h; sourceTree = "<group>"; };
		F23585E31BE79A490001EA39 /* WelcomeViewController.m */ = {isa = PBXFileReference; fileEncoding = 4; lastKnownFileType = sourcecode.c.objc; path = WelcomeViewController.m; sourceTree = "<group>"; };
		F23585E41BE79A490001EA39 /* WelcomeViewController.xib */ = {isa = PBXFileReference; fileEncoding = 4; lastKnownFileType = file.xib; path = WelcomeViewController.xib; sourceTree = "<group>"; };
		F23585E71BE7B24B0001EA39 /* logo_lekker.png */ = {isa = PBXFileReference; lastKnownFileType = image.png; path = logo_lekker.png; sourceTree = "<group>"; };
/* End PBXFileReference section */

/* Begin PBXFrameworksBuildPhase section */
		1DD8D1551BE7736A00E6607D /* Frameworks */ = {
			isa = PBXFrameworksBuildPhase;
			buildActionMask = 2147483647;
			files = (
				1DA869721BEA4C190030D27F /* MobileCoreServices.framework in Frameworks */,
				1D1F79121BE8C1C9004E9EB0 /* Bolts.framework in Frameworks */,
				1D1F79131BE8C1C9004E9EB0 /* Parse.framework in Frameworks */,
				1D1F79141BE8C1C9004E9EB0 /* ParseCrashReporting.framework in Frameworks */,
				1D1F79151BE8C1C9004E9EB0 /* ParseFacebookUtils.framework in Frameworks */,
				1D1F79161BE8C1C9004E9EB0 /* ParseFacebookUtilsV4.framework in Frameworks */,
				1D1F79171BE8C1C9004E9EB0 /* ParseTwitterUtils.framework in Frameworks */,
				1D1F79181BE8C1C9004E9EB0 /* ParseUI.framework in Frameworks */,
				1D1F78ED1BE8BB58004E9EB0 /* Social.framework in Frameworks */,
				1D1F78EB1BE8BB51004E9EB0 /* Accounts.framework in Frameworks */,
				1D1F78E91BE8BB46004E9EB0 /* libsqlite3.tbd in Frameworks */,
				1D1F78E71BE8BB36004E9EB0 /* libz.tbd in Frameworks */,
				1D1F78E51BE8BB29004E9EB0 /* SystemConfiguration.framework in Frameworks */,
				1D1F78E31BE8BB20004E9EB0 /* StoreKit.framework in Frameworks */,
				1D1F78E11BE8BB1A004E9EB0 /* Security.framework in Frameworks */,
				1D1F78DF1BE8BB12004E9EB0 /* QuartzCore.framework in Frameworks */,
				1D1F78DD1BE8BB06004E9EB0 /* CoreGraphics.framework in Frameworks */,
				1D1F78DB1BE8BAFF004E9EB0 /* CFNetwork.framework in Frameworks */,
				1D1F78D91BE8BAF9004E9EB0 /* AudioToolbox.framework in Frameworks */,
				1DD8D1761BE7A9B300E6607D /* CoreLocation.framework in Frameworks */,
				1DD8D1721BE7951700E6607D /* MapKit.framework in Frameworks */,
			);
			runOnlyForDeploymentPostprocessing = 0;
		};
/* End PBXFrameworksBuildPhase section */

/* Begin PBXGroup section */
		1D1F78FC1BE8BCD0004E9EB0 /* Frameworks */ = {
			isa = PBXGroup;
			children = (
				1DA869711BEA4C190030D27F /* MobileCoreServices.framework */,
				1D1F790B1BE8C1C9004E9EB0 /* Bolts.framework */,
				1D1F790C1BE8C1C9004E9EB0 /* Parse.framework */,
				1D1F790D1BE8C1C9004E9EB0 /* ParseCrashReporting.framework */,
				1D1F790E1BE8C1C9004E9EB0 /* ParseFacebookUtils.framework */,
				1D1F790F1BE8C1C9004E9EB0 /* ParseFacebookUtilsV4.framework */,
				1D1F79101BE8C1C9004E9EB0 /* ParseTwitterUtils.framework */,
				1D1F79111BE8C1C9004E9EB0 /* ParseUI.framework */,
				1D1F78EC1BE8BB58004E9EB0 /* Social.framework */,
				1D1F78EA1BE8BB51004E9EB0 /* Accounts.framework */,
				1D1F78E81BE8BB46004E9EB0 /* libsqlite3.tbd */,
				1D1F78E61BE8BB36004E9EB0 /* libz.tbd */,
				1D1F78E41BE8BB29004E9EB0 /* SystemConfiguration.framework */,
				1D1F78E21BE8BB20004E9EB0 /* StoreKit.framework */,
				1D1F78E01BE8BB1A004E9EB0 /* Security.framework */,
				1D1F78DE1BE8BB12004E9EB0 /* QuartzCore.framework */,
				1D1F78DC1BE8BB06004E9EB0 /* CoreGraphics.framework */,
				1D1F78DA1BE8BAFF004E9EB0 /* CFNetwork.framework */,
				1D1F78D81BE8BAF9004E9EB0 /* AudioToolbox.framework */,
				1DD8D1751BE7A9B300E6607D /* CoreLocation.framework */,
				1DD8D1711BE7951700E6607D /* MapKit.framework */,
			);
			name = Frameworks;
			sourceTree = "<group>";
		};
		1DD8D14F1BE7736A00E6607D = {
			isa = PBXGroup;
			children = (
				1D1F78FC1BE8BCD0004E9EB0 /* Frameworks */,
				1DD8D15A1BE7736A00E6607D /* Lekker */,
				1DD8D1591BE7736A00E6607D /* Products */,
			);
			sourceTree = "<group>";
		};
		1DD8D1591BE7736A00E6607D /* Products */ = {
			isa = PBXGroup;
			children = (
				1DD8D1581BE7736A00E6607D /* Lekker.app */,
			);
			name = Products;
			sourceTree = "<group>";
		};
		1DD8D15A1BE7736A00E6607D /* Lekker */ = {
			isa = PBXGroup;
			children = (
				1DD8D15E1BE7736A00E6607D /* AppDelegate.h */,
				1DD8D15F1BE7736A00E6607D /* AppDelegate.m */,
				1DA869731BEA5D3C0030D27F /* LekkerCell.h */,
				1DA869741BEA5D3C0030D27F /* LekkerCell.m */,
				1DA869751BEA5D3C0030D27F /* LekkerCell.xib */,
				1DD8D17C1BE7BFCF00E6607D /* ListViewController.h */,
				1DD8D17D1BE7BFCF00E6607D /* ListViewController.m */,
				1D1F79191BE8D21B004E9EB0 /* ListViewController.xib */,
				F227D8C01BEB49E600F18ECD /* AddLekkerViewController.h */,
				F227D8C11BEB49E600F18ECD /* AddLekkerViewController.m */,
				F227D8C21BEB49E600F18ECD /* AddLekkerViewController.xib */,
				1DD8D16C1BE786EB00E6607D /* MapViewController.h */,
				1DD8D16D1BE786EB00E6607D /* MapViewController.m */,
				1DD8D16E1BE786EB00E6607D /* MapViewController.xib */,
				F23585E21BE79A490001EA39 /* WelcomeViewController.h */,
				F23585E31BE79A490001EA39 /* WelcomeViewController.m */,
				F23585E41BE79A490001EA39 /* WelcomeViewController.xib */,
				1DD8D1611BE7736A00E6607D /* Assets.xcassets */,
				1DD8D1631BE7736A00E6607D /* LaunchScreen.storyboard */,
				1DD8D1661BE7736A00E6607D /* Info.plist */,
				1DD8D15B1BE7736A00E6607D /* Supporting Files */,
			);
			path = Lekker;
			sourceTree = "<group>";
		};
		1DD8D15B1BE7736A00E6607D /* Supporting Files */ = {
			isa = PBXGroup;
			children = (
				1DD8D15C1BE7736A00E6607D /* main.m */,
				F23585E71BE7B24B0001EA39 /* logo_lekker.png */,
				1D1F791B1BE90812004E9EB0 /* #Lekker_groot.pdf */,
				1D1F791F1BE90959004E9EB0 /* #Lekker_klein_NoWhiteBorder.png */,
				1D1F791C1BE90812004E9EB0 /* #Lekker_klein.png */,
			);
			name = "Supporting Files";
			sourceTree = "<group>";
		};
/* End PBXGroup section */

/* Begin PBXNativeTarget section */
		1DD8D1571BE7736A00E6607D /* Lekker */ = {
			isa = PBXNativeTarget;
			buildConfigurationList = 1DD8D1691BE7736A00E6607D /* Build configuration list for PBXNativeTarget "Lekker" */;
			buildPhases = (
				1DD8D1541BE7736A00E6607D /* Sources */,
				1DD8D1551BE7736A00E6607D /* Frameworks */,
				1DD8D1561BE7736A00E6607D /* Resources */,
			);
			buildRules = (
			);
			dependencies = (
			);
			name = Lekker;
			productName = Lekker;
			productReference = 1DD8D1581BE7736A00E6607D /* Lekker.app */;
			productType = "com.apple.product-type.application";
		};
/* End PBXNativeTarget section */

/* Begin PBXProject section */
		1DD8D1501BE7736A00E6607D /* Project object */ = {
			isa = PBXProject;
			attributes = {
				LastUpgradeCheck = 0700;
				ORGANIZATIONNAME = "Bart & Alyson";
				TargetAttributes = {
					1DD8D1571BE7736A00E6607D = {
						CreatedOnToolsVersion = 7.0.1;
						DevelopmentTeam = EXEUSZ2G5F;
					};
				};
			};
			buildConfigurationList = 1DD8D1531BE7736A00E6607D /* Build configuration list for PBXProject "Lekker" */;
			compatibilityVersion = "Xcode 3.2";
			developmentRegion = English;
			hasScannedForEncodings = 0;
			knownRegions = (
				en,
				Base,
			);
			mainGroup = 1DD8D14F1BE7736A00E6607D;
			productRefGroup = 1DD8D1591BE7736A00E6607D /* Products */;
			projectDirPath = "";
			projectRoot = "";
			targets = (
				1DD8D1571BE7736A00E6607D /* Lekker */,
			);
		};
/* End PBXProject section */

/* Begin PBXResourcesBuildPhase section */
		1DD8D1561BE7736A00E6607D /* Resources */ = {
			isa = PBXResourcesBuildPhase;
			buildActionMask = 2147483647;
			files = (
				1DD8D1621BE7736A00E6607D /* Assets.xcassets in Resources */,
				F23585E61BE79A490001EA39 /* WelcomeViewController.xib in Resources */,
				1D1F791A1BE8D21B004E9EB0 /* ListViewController.xib in Resources */,
				F23585E81BE7B24B0001EA39 /* logo_lekker.png in Resources */,
				1DD8D1701BE786EB00E6607D /* MapViewController.xib in Resources */,
				F227D8C41BEB49E600F18ECD /* AddLekkerViewController.xib in Resources */,
				1D1F791D1BE90812004E9EB0 /* #Lekker_groot.pdf in Resources */,
				1DA869771BEA5D3C0030D27F /* LekkerCell.xib in Resources */,
				1D1F79201BE90959004E9EB0 /* #Lekker_klein_NoWhiteBorder.png in Resources */,
				1DD8D1651BE7736A00E6607D /* LaunchScreen.storyboard in Resources */,
				1D1F791E1BE90812004E9EB0 /* #Lekker_klein.png in Resources */,
			);
			runOnlyForDeploymentPostprocessing = 0;
		};
/* End PBXResourcesBuildPhase section */

/* Begin PBXSourcesBuildPhase section */
		1DD8D1541BE7736A00E6607D /* Sources */ = {
			isa = PBXSourcesBuildPhase;
			buildActionMask = 2147483647;
			files = (
				1DD8D17F1BE7BFCF00E6607D /* ListViewController.m in Sources */,
				1DD8D16F1BE786EB00E6607D /* MapViewController.m in Sources */,
				F23585E51BE79A490001EA39 /* WelcomeViewController.m in Sources */,
				1DD8D1601BE7736A00E6607D /* AppDelegate.m in Sources */,
				1DA869761BEA5D3C0030D27F /* LekkerCell.m in Sources */,
				F227D8C31BEB49E600F18ECD /* AddLekkerViewController.m in Sources */,
				1DD8D15D1BE7736A00E6607D /* main.m in Sources */,
			);
			runOnlyForDeploymentPostprocessing = 0;
		};
/* End PBXSourcesBuildPhase section */

/* Begin PBXVariantGroup section */
		1DD8D1631BE7736A00E6607D /* LaunchScreen.storyboard */ = {
			isa = PBXVariantGroup;
			children = (
				1DD8D1641BE7736A00E6607D /* Base */,
			);
			name = LaunchScreen.storyboard;
			sourceTree = "<group>";
		};
/* End PBXVariantGroup section */

/* Begin XCBuildConfiguration section */
		1DD8D1671BE7736A00E6607D /* Debug */ = {
			isa = XCBuildConfiguration;
			buildSettings = {
				ALWAYS_SEARCH_USER_PATHS = NO;
				CLANG_CXX_LANGUAGE_STANDARD = "gnu++0x";
				CLANG_CXX_LIBRARY = "libc++";
				CLANG_ENABLE_MODULES = YES;
				CLANG_ENABLE_OBJC_ARC = YES;
				CLANG_WARN_BOOL_CONVERSION = YES;
				CLANG_WARN_CONSTANT_CONVERSION = YES;
				CLANG_WARN_DIRECT_OBJC_ISA_USAGE = YES_ERROR;
				CLANG_WARN_EMPTY_BODY = YES;
				CLANG_WARN_ENUM_CONVERSION = YES;
				CLANG_WARN_INT_CONVERSION = YES;
				CLANG_WARN_OBJC_ROOT_CLASS = YES_ERROR;
				CLANG_WARN_UNREACHABLE_CODE = YES;
				CLANG_WARN__DUPLICATE_METHOD_MATCH = YES;
				"CODE_SIGN_IDENTITY[sdk=iphoneos*]" = "iPhone Developer";
				COPY_PHASE_STRIP = NO;
				DEBUG_INFORMATION_FORMAT = dwarf;
				ENABLE_STRICT_OBJC_MSGSEND = YES;
				ENABLE_TESTABILITY = YES;
				GCC_C_LANGUAGE_STANDARD = gnu99;
				GCC_DYNAMIC_NO_PIC = NO;
				GCC_NO_COMMON_BLOCKS = YES;
				GCC_OPTIMIZATION_LEVEL = 0;
				GCC_PREPROCESSOR_DEFINITIONS = (
					"DEBUG=1",
					"$(inherited)",
				);
				GCC_WARN_64_TO_32_BIT_CONVERSION = YES;
				GCC_WARN_ABOUT_RETURN_TYPE = YES_ERROR;
				GCC_WARN_UNDECLARED_SELECTOR = YES;
				GCC_WARN_UNINITIALIZED_AUTOS = YES_AGGRESSIVE;
				GCC_WARN_UNUSED_FUNCTION = YES;
				GCC_WARN_UNUSED_VARIABLE = YES;
				IPHONEOS_DEPLOYMENT_TARGET = 9.0;
				MTL_ENABLE_DEBUG_INFO = YES;
				ONLY_ACTIVE_ARCH = YES;
				SDKROOT = iphoneos;
			};
			name = Debug;
		};
		1DD8D1681BE7736A00E6607D /* Release */ = {
			isa = XCBuildConfiguration;
			buildSettings = {
				ALWAYS_SEARCH_USER_PATHS = NO;
				CLANG_CXX_LANGUAGE_STANDARD = "gnu++0x";
				CLANG_CXX_LIBRARY = "libc++";
				CLANG_ENABLE_MODULES = YES;
				CLANG_ENABLE_OBJC_ARC = YES;
				CLANG_WARN_BOOL_CONVERSION = YES;
				CLANG_WARN_CONSTANT_CONVERSION = YES;
				CLANG_WARN_DIRECT_OBJC_ISA_USAGE = YES_ERROR;
				CLANG_WARN_EMPTY_BODY = YES;
				CLANG_WARN_ENUM_CONVERSION = YES;
				CLANG_WARN_INT_CONVERSION = YES;
				CLANG_WARN_OBJC_ROOT_CLASS = YES_ERROR;
				CLANG_WARN_UNREACHABLE_CODE = YES;
				CLANG_WARN__DUPLICATE_METHOD_MATCH = YES;
				"CODE_SIGN_IDENTITY[sdk=iphoneos*]" = "iPhone Developer";
				COPY_PHASE_STRIP = NO;
				DEBUG_INFORMATION_FORMAT = "dwarf-with-dsym";
				ENABLE_NS_ASSERTIONS = NO;
				ENABLE_STRICT_OBJC_MSGSEND = YES;
				GCC_C_LANGUAGE_STANDARD = gnu99;
				GCC_NO_COMMON_BLOCKS = YES;
				GCC_WARN_64_TO_32_BIT_CONVERSION = YES;
				GCC_WARN_ABOUT_RETURN_TYPE = YES_ERROR;
				GCC_WARN_UNDECLARED_SELECTOR = YES;
				GCC_WARN_UNINITIALIZED_AUTOS = YES_AGGRESSIVE;
				GCC_WARN_UNUSED_FUNCTION = YES;
				GCC_WARN_UNUSED_VARIABLE = YES;
				IPHONEOS_DEPLOYMENT_TARGET = 9.0;
				MTL_ENABLE_DEBUG_INFO = NO;
				SDKROOT = iphoneos;
				VALIDATE_PRODUCT = YES;
			};
			name = Release;
		};
		1DD8D16A1BE7736A00E6607D /* Debug */ = {
			isa = XCBuildConfiguration;
			buildSettings = {
				ASSETCATALOG_COMPILER_APPICON_NAME = AppIcon;
				CODE_SIGN_IDENTITY = "iPhone Developer";
				"CODE_SIGN_IDENTITY[sdk=iphoneos*]" = "iPhone Developer";
				FRAMEWORK_SEARCH_PATHS = (
					"$(inherited)",
					"$(PROJECT_DIR)",
				);
				INFOPLIST_FILE = Lekker/Info.plist;
				LD_RUNPATH_SEARCH_PATHS = "$(inherited) @executable_path/Frameworks";
				PRODUCT_BUNDLE_IDENTIFIER = com.BartAlyson.Lekker;
				PRODUCT_NAME = "$(TARGET_NAME)";
				PROVISIONING_PROFILE = "";
			};
			name = Debug;
		};
		1DD8D16B1BE7736A00E6607D /* Release */ = {
			isa = XCBuildConfiguration;
			buildSettings = {
				ASSETCATALOG_COMPILER_APPICON_NAME = AppIcon;
				CODE_SIGN_IDENTITY = "iPhone Developer";
				"CODE_SIGN_IDENTITY[sdk=iphoneos*]" = "iPhone Developer";
				FRAMEWORK_SEARCH_PATHS = (
					"$(inherited)",
					"$(PROJECT_DIR)",
				);
				INFOPLIST_FILE = Lekker/Info.plist;
				LD_RUNPATH_SEARCH_PATHS = "$(inherited) @executable_path/Frameworks";
				PRODUCT_BUNDLE_IDENTIFIER = com.BartAlyson.Lekker;
				PRODUCT_NAME = "$(TARGET_NAME)";
				PROVISIONING_PROFILE = "";
			};
			name = Release;
		};
/* End XCBuildConfiguration section */

/* Begin XCConfigurationList section */
		1DD8D1531BE7736A00E6607D /* Build configuration list for PBXProject "Lekker" */ = {
			isa = XCConfigurationList;
			buildConfigurations = (
				1DD8D1671BE7736A00E6607D /* Debug */,
				1DD8D1681BE7736A00E6607D /* Release */,
			);
			defaultConfigurationIsVisible = 0;
			defaultConfigurationName = Release;
		};
		1DD8D1691BE7736A00E6607D /* Build configuration list for PBXNativeTarget "Lekker" */ = {
			isa = XCConfigurationList;
			buildConfigurations = (
				1DD8D16A1BE7736A00E6607D /* Debug */,
				1DD8D16B1BE7736A00E6607D /* Release */,
			);
			defaultConfigurationIsVisible = 0;
			defaultConfigurationName = Release;
		};
/* End XCConfigurationList section */
	};
	rootObject = 1DD8D1501BE7736A00E6607D /* Project object */;
}
